
Microsoft Visual Studio Solution File, Format Version 12.00
# Visual Studio Version 17
VisualStudioVersion = 17.4.33103.184
MinimumVisualStudioVersion = 10.0.40219.1
Project("{FAE04EC0-301F-11D3-BF4B-00C04F79EFBC}") = "Fashion-Web", "Fashion-Web\Fashion-Web.csproj", "{1C89AC0F-8958-4DAF-B11E-BD6F1D5F965A}"
EndProject
Global
	GlobalSection(SolutionConfigurationPlatforms) = preSolution
		Debug|Any CPU = Debug|Any CPU
		Release|Any CPU = Release|Any CPU
	EndGlobalSection
	GlobalSection(ProjectConfigurationPlatforms) = postSolution
		{1C89AC0F-8958-4DAF-B11E-BD6F1D5F965A}.Debug|Any CPU.ActiveCfg = Debug|Any CPU
		{1C89AC0F-8958-4DAF-B11E-BD6F1D5F965A}.Debug|Any CPU.Build.0 = Debug|Any CPU
		{1C89AC0F-8958-4DAF-B11E-BD6F1D5F965A}.Release|Any CPU.ActiveCfg = Release|Any CPU
		{1C89AC0F-8958-4DAF-B11E-BD6F1D5F965A}.Release|Any CPU.Build.0 = Release|Any CPU
	EndGlobalSection
	GlobalSection(SolutionProperties) = preSolution
		HideSolutionNode = FALSE
	EndGlobalSection
	GlobalSection(ExtensibilityGlobals) = postSolution
		SolutionGuid = {EAB5276B-B26D-4B66-BC28-189430E7937A}
	EndGlobalSection
EndGlobal
